// !$*UTF8*$!
{
	archiveVersion = 1;
	classes = {
	};
	objectVersion = 51;
	objects = {

/* Begin PBXBuildFile section */
		D10713DF23EC9EB800629FD2 /* Interface.storyboard in Resources */ = {isa = PBXBuildFile; fileRef = D10713DD23EC9EB800629FD2 /* Interface.storyboard */; };
		D10713E123EC9EBB00629FD2 /* Assets.xcassets in Resources */ = {isa = PBXBuildFile; fileRef = D10713E023EC9EBB00629FD2 /* Assets.xcassets */; };
		D10713E823EC9EBB00629FD2 /* Accounting WatchApp Extension.appex in Embed App Extensions */ = {isa = PBXBuildFile; fileRef = D10713E723EC9EBB00629FD2 /* Accounting WatchApp Extension.appex */; settings = {ATTRIBUTES = (RemoveHeadersOnCopy, ); }; };
		D10713ED23EC9EBB00629FD2 /* ContentView.swift in Sources */ = {isa = PBXBuildFile; fileRef = D10713EC23EC9EBB00629FD2 /* ContentView.swift */; };
		D10713EF23EC9EBB00629FD2 /* HostingController.swift in Sources */ = {isa = PBXBuildFile; fileRef = D10713EE23EC9EBB00629FD2 /* HostingController.swift */; };
		D10713F123EC9EBB00629FD2 /* ExtensionDelegate.swift in Sources */ = {isa = PBXBuildFile; fileRef = D10713F023EC9EBB00629FD2 /* ExtensionDelegate.swift */; };
		D10713F323EC9EBC00629FD2 /* Assets.xcassets in Resources */ = {isa = PBXBuildFile; fileRef = D10713F223EC9EBC00629FD2 /* Assets.xcassets */; };
		D10713F623EC9EBC00629FD2 /* Preview Assets.xcassets in Resources */ = {isa = PBXBuildFile; fileRef = D10713F523EC9EBC00629FD2 /* Preview Assets.xcassets */; };
		D10713FA23EC9EBC00629FD2 /* Accounting WatchApp.app in Embed Watch Content */ = {isa = PBXBuildFile; fileRef = D10713DB23EC9EB800629FD2 /* Accounting WatchApp.app */; settings = {ATTRIBUTES = (RemoveHeadersOnCopy, ); }; };
		D107140523EC9F3500629FD2 /* AccountsViewWatch.swift in Sources */ = {isa = PBXBuildFile; fileRef = D107140423EC9F3500629FD2 /* AccountsViewWatch.swift */; };
		D170519523F07D8100186E40 /* AccountDetails.swift in Sources */ = {isa = PBXBuildFile; fileRef = D170519423F07D8100186E40 /* AccountDetails.swift */; };
		D1CF8FF623FAFB94007AFC7A /* (null) in Embed Frameworks */ = {isa = PBXBuildFile; };
		D1CF8FF723FAFB9F007AFC7A /* (null) in Embed Frameworks */ = {isa = PBXBuildFile; };
		D1CF8FFC23FAFBE9007AFC7A /* (null) in CopyFiles */ = {isa = PBXBuildFile; };
/* End PBXBuildFile section */

/* Begin PBXContainerItemProxy section */
		D10713E923EC9EBB00629FD2 /* PBXContainerItemProxy */ = {
			isa = PBXContainerItemProxy;
			containerPortal = D198B961236CA14A0030DED1 /* Project object */;
			proxyType = 1;
			remoteGlobalIDString = D10713E623EC9EBB00629FD2;
			remoteInfo = "Accounting WatchApp Extension";
		};
		D10713F823EC9EBC00629FD2 /* PBXContainerItemProxy */ = {
			isa = PBXContainerItemProxy;
			containerPortal = D198B961236CA14A0030DED1 /* Project object */;
			proxyType = 1;
			remoteGlobalIDString = D10713DA23EC9EB800629FD2;
			remoteInfo = "Accounting WatchApp";
		};
/* End PBXContainerItemProxy section */

/* Begin PBXCopyFilesBuildPhase section */
		D10713BD23EC898D00629FD2 /* Embed Watch Content */ = {
			isa = PBXCopyFilesBuildPhase;
			buildActionMask = 2147483647;
			dstPath = "$(CONTENTS_FOLDER_PATH)/Watch";
			dstSubfolderSpec = 16;
			files = (
				D10713FA23EC9EBC00629FD2 /* Accounting WatchApp.app in Embed Watch Content */,
			);
			name = "Embed Watch Content";
			runOnlyForDeploymentPostprocessing = 0;
		};
		D10713FE23EC9EBC00629FD2 /* Embed App Extensions */ = {
			isa = PBXCopyFilesBuildPhase;
			buildActionMask = 2147483647;
			dstPath = "";
			dstSubfolderSpec = 13;
			files = (
				D10713E823EC9EBB00629FD2 /* Accounting WatchApp Extension.appex in Embed App Extensions */,
			);
			name = "Embed App Extensions";
			runOnlyForDeploymentPostprocessing = 0;
		};
		D1CF8FD823FA61D9007AFC7A /* Embed Frameworks */ = {
			isa = PBXCopyFilesBuildPhase;
			buildActionMask = 8;
			dstPath = "";
			dstSubfolderSpec = 10;
			files = (
			);
			name = "Embed Frameworks";
			runOnlyForDeploymentPostprocessing = 1;
		};
		D1CF8FEB23FAF675007AFC7A /* Embed Frameworks */ = {
			isa = PBXCopyFilesBuildPhase;
			buildActionMask = 12;
			dstPath = "";
			dstSubfolderSpec = 7;
			files = (
				D1CF8FF623FAFB94007AFC7A /* (null) in Embed Frameworks */,
			);
			name = "Embed Frameworks";
			runOnlyForDeploymentPostprocessing = 0;
		};
		D1CF8FF223FAF67E007AFC7A /* Embed Frameworks */ = {
			isa = PBXCopyFilesBuildPhase;
			buildActionMask = 8;
			dstPath = "";
			dstSubfolderSpec = 10;
			files = (
				D1CF8FF723FAFB9F007AFC7A /* (null) in Embed Frameworks */,
			);
			name = "Embed Frameworks";
			runOnlyForDeploymentPostprocessing = 1;
		};
		D1CF8FF323FAFB1F007AFC7A /* CopyFiles */ = {
			isa = PBXCopyFilesBuildPhase;
			buildActionMask = 8;
			dstPath = "";
			dstSubfolderSpec = 10;
			files = (
			);
			runOnlyForDeploymentPostprocessing = 1;
		};
		D1CF8FFB23FAFBDC007AFC7A /* CopyFiles */ = {
			isa = PBXCopyFilesBuildPhase;
			buildActionMask = 2147483647;
			dstPath = "";
			dstSubfolderSpec = 10;
			files = (
				D1CF8FFC23FAFBE9007AFC7A /* (null) in CopyFiles */,
			);
			runOnlyForDeploymentPostprocessing = 0;
		};
/* End PBXCopyFilesBuildPhase section */

/* Begin PBXFileReference section */
		D10713DB23EC9EB800629FD2 /* Accounting WatchApp.app */ = {isa = PBXFileReference; explicitFileType = wrapper.application; includeInIndex = 0; path = "Accounting WatchApp.app"; sourceTree = BUILT_PRODUCTS_DIR; };
		D10713DE23EC9EB800629FD2 /* Base */ = {isa = PBXFileReference; lastKnownFileType = file.storyboard; name = Base; path = Base.lproj/Interface.storyboard; sourceTree = "<group>"; };
		D10713E023EC9EBB00629FD2 /* Assets.xcassets */ = {isa = PBXFileReference; lastKnownFileType = folder.assetcatalog; path = Assets.xcassets; sourceTree = "<group>"; };
		D10713E223EC9EBB00629FD2 /* Info.plist */ = {isa = PBXFileReference; lastKnownFileType = text.plist.xml; path = Info.plist; sourceTree = "<group>"; };
		D10713E723EC9EBB00629FD2 /* Accounting WatchApp Extension.appex */ = {isa = PBXFileReference; explicitFileType = "wrapper.app-extension"; includeInIndex = 0; path = "Accounting WatchApp Extension.appex"; sourceTree = BUILT_PRODUCTS_DIR; };
		D10713EC23EC9EBB00629FD2 /* ContentView.swift */ = {isa = PBXFileReference; lastKnownFileType = sourcecode.swift; path = ContentView.swift; sourceTree = "<group>"; };
		D10713EE23EC9EBB00629FD2 /* HostingController.swift */ = {isa = PBXFileReference; lastKnownFileType = sourcecode.swift; path = HostingController.swift; sourceTree = "<group>"; };
		D10713F023EC9EBB00629FD2 /* ExtensionDelegate.swift */ = {isa = PBXFileReference; lastKnownFileType = sourcecode.swift; path = ExtensionDelegate.swift; sourceTree = "<group>"; };
		D10713F223EC9EBC00629FD2 /* Assets.xcassets */ = {isa = PBXFileReference; lastKnownFileType = folder.assetcatalog; path = Assets.xcassets; sourceTree = "<group>"; };
		D10713F523EC9EBC00629FD2 /* Preview Assets.xcassets */ = {isa = PBXFileReference; lastKnownFileType = folder.assetcatalog; path = "Preview Assets.xcassets"; sourceTree = "<group>"; };
		D10713F723EC9EBC00629FD2 /* Info.plist */ = {isa = PBXFileReference; lastKnownFileType = text.plist.xml; path = Info.plist; sourceTree = "<group>"; };
		D107140223EC9EE800629FD2 /* Accounting WatchApp ExtensionRelease.entitlements */ = {isa = PBXFileReference; lastKnownFileType = text.plist.entitlements; path = "Accounting WatchApp ExtensionRelease.entitlements"; sourceTree = "<group>"; };
		D107140323EC9EF200629FD2 /* Accounting WatchAppRelease.entitlements */ = {isa = PBXFileReference; lastKnownFileType = text.plist.entitlements; path = "Accounting WatchAppRelease.entitlements"; sourceTree = "<group>"; };
		D107140423EC9F3500629FD2 /* AccountsViewWatch.swift */ = {isa = PBXFileReference; lastKnownFileType = sourcecode.swift; path = AccountsViewWatch.swift; sourceTree = "<group>"; };
		D170519423F07D8100186E40 /* AccountDetails.swift */ = {isa = PBXFileReference; lastKnownFileType = sourcecode.swift; path = AccountDetails.swift; sourceTree = "<group>"; };
		D198B969236CA14A0030DED1 /* Accounting.app */ = {isa = PBXFileReference; explicitFileType = wrapper.application; includeInIndex = 0; path = Accounting.app; sourceTree = BUILT_PRODUCTS_DIR; };
/* End PBXFileReference section */

/* Begin PBXFrameworksBuildPhase section */
		5829B4ACD9D6768844CCF334 /* Frameworks */ = {
			isa = PBXFrameworksBuildPhase;
			buildActionMask = 2147483647;
			files = (
			);
			runOnlyForDeploymentPostprocessing = 0;
		};
		D10713E423EC9EBB00629FD2 /* Frameworks */ = {
			isa = PBXFrameworksBuildPhase;
			buildActionMask = 2147483647;
			files = (
			);
			runOnlyForDeploymentPostprocessing = 0;
		};
		D198B966236CA14A0030DED1 /* Frameworks */ = {
			isa = PBXFrameworksBuildPhase;
			buildActionMask = 2147483647;
			files = (
			);
			runOnlyForDeploymentPostprocessing = 0;
		};
/* End PBXFrameworksBuildPhase section */

/* Begin PBXGroup section */
		D10713DC23EC9EB800629FD2 /* Accounting WatchApp */ = {
			isa = PBXGroup;
			children = (
				D107140323EC9EF200629FD2 /* Accounting WatchAppRelease.entitlements */,
				D10713DD23EC9EB800629FD2 /* Interface.storyboard */,
				D10713E023EC9EBB00629FD2 /* Assets.xcassets */,
				D10713E223EC9EBB00629FD2 /* Info.plist */,
			);
			path = "Accounting WatchApp";
			sourceTree = "<group>";
		};
		D10713EB23EC9EBB00629FD2 /* Accounting WatchApp Extension */ = {
			isa = PBXGroup;
			children = (
				D107140223EC9EE800629FD2 /* Accounting WatchApp ExtensionRelease.entitlements */,
				D10713EC23EC9EBB00629FD2 /* ContentView.swift */,
				D10713EE23EC9EBB00629FD2 /* HostingController.swift */,
				D10713F023EC9EBB00629FD2 /* ExtensionDelegate.swift */,
				D10713F223EC9EBC00629FD2 /* Assets.xcassets */,
				D10713F723EC9EBC00629FD2 /* Info.plist */,
				D10713F423EC9EBC00629FD2 /* Preview Content */,
				D107140423EC9F3500629FD2 /* AccountsViewWatch.swift */,
				D170519423F07D8100186E40 /* AccountDetails.swift */,
			);
			path = "Accounting WatchApp Extension";
			sourceTree = "<group>";
		};
		D10713F423EC9EBC00629FD2 /* Preview Content */ = {
			isa = PBXGroup;
			children = (
				D10713F523EC9EBC00629FD2 /* Preview Assets.xcassets */,
			);
			path = "Preview Content";
			sourceTree = "<group>";
		};
		D198B960236CA14A0030DED1 = {
			isa = PBXGroup;
			children = (
				D10713DC23EC9EB800629FD2 /* Accounting WatchApp */,
				D10713EB23EC9EBB00629FD2 /* Accounting WatchApp Extension */,
				D198B96A236CA14A0030DED1 /* Products */,
				D1CF8FDE23FAF444007AFC7A /* Recovered References */,
			);
			sourceTree = "<group>";
		};
		D198B96A236CA14A0030DED1 /* Products */ = {
			isa = PBXGroup;
			children = (
				D198B969236CA14A0030DED1 /* Accounting.app */,
				D10713DB23EC9EB800629FD2 /* Accounting WatchApp.app */,
				D10713E723EC9EBB00629FD2 /* Accounting WatchApp Extension.appex */,
			);
			name = Products;
			sourceTree = "<group>";
		};
		D1CF8FDE23FAF444007AFC7A /* Recovered References */ = {
			isa = PBXGroup;
			children = (
			);
			name = "Recovered References";
			sourceTree = "<group>";
		};
/* End PBXGroup section */

/* Begin PBXNativeTarget section */
		D10713DA23EC9EB800629FD2 /* Accounting WatchApp */ = {
			isa = PBXNativeTarget;
			buildConfigurationList = D10713FF23EC9EBC00629FD2 /* Build configuration list for PBXNativeTarget "Accounting WatchApp" */;
			buildPhases = (
				D10713D923EC9EB800629FD2 /* Resources */,
				D10713FE23EC9EBC00629FD2 /* Embed App Extensions */,
				5829B4ACD9D6768844CCF334 /* Frameworks */,
				D1CF8FEB23FAF675007AFC7A /* Embed Frameworks */,
			);
			buildRules = (
			);
			dependencies = (
				D10713EA23EC9EBB00629FD2 /* PBXTargetDependency */,
			);
			name = "Accounting WatchApp";
			productName = "Accounting WatchApp";
			productReference = D10713DB23EC9EB800629FD2 /* Accounting WatchApp.app */;
			productType = "com.apple.product-type.application.watchapp2";
		};
		D10713E623EC9EBB00629FD2 /* Accounting WatchApp Extension */ = {
			isa = PBXNativeTarget;
			buildConfigurationList = D10713FB23EC9EBC00629FD2 /* Build configuration list for PBXNativeTarget "Accounting WatchApp Extension" */;
			buildPhases = (
				D10713E323EC9EBB00629FD2 /* Sources */,
				D10713E423EC9EBB00629FD2 /* Frameworks */,
				D10713E523EC9EBB00629FD2 /* Resources */,
				D1CF8FF223FAF67E007AFC7A /* Embed Frameworks */,
				D1CF8FFB23FAFBDC007AFC7A /* CopyFiles */,
			);
			buildRules = (
			);
			dependencies = (
			);
			name = "Accounting WatchApp Extension";
			productName = "Accounting WatchApp Extension";
			productReference = D10713E723EC9EBB00629FD2 /* Accounting WatchApp Extension.appex */;
			productType = "com.apple.product-type.watchkit2-extension";
		};
		D198B968236CA14A0030DED1 /* Accounting */ = {
			isa = PBXNativeTarget;
			buildConfigurationList = D198B980236CA14D0030DED1 /* Build configuration list for PBXNativeTarget "Accounting" */;
			buildPhases = (
				95B7403C6AE017756D6D7367 /* [CP] Check Pods Manifest.lock */,
				D198B965236CA14A0030DED1 /* Sources */,
				D198B966236CA14A0030DED1 /* Frameworks */,
				D198B967236CA14A0030DED1 /* Resources */,
				D10713BD23EC898D00629FD2 /* Embed Watch Content */,
				D1CF8FD823FA61D9007AFC7A /* Embed Frameworks */,
				D52EFD2D04CA297ED9738298 /* [CP] Embed Pods Frameworks */,
				D1CF8FF323FAFB1F007AFC7A /* CopyFiles */,
			);
			buildRules = (
			);
			dependencies = (
				D10713F923EC9EBC00629FD2 /* PBXTargetDependency */,
			);
			name = Accounting;
			productName = Accounting;
			productReference = D198B969236CA14A0030DED1 /* Accounting.app */;
			productType = "com.apple.product-type.application";
		};
/* End PBXNativeTarget section */

/* Begin PBXProject section */
		D198B961236CA14A0030DED1 /* Project object */ = {
			isa = PBXProject;
			attributes = {
				LastSwiftUpdateCheck = 1130;
				LastUpgradeCheck = 1120;
				ORGANIZATIONNAME = "Petar Petrov";
				TargetAttributes = {
					D10713DA23EC9EB800629FD2 = {
						CreatedOnToolsVersion = 11.3.1;
					};
					D10713E623EC9EBB00629FD2 = {
						CreatedOnToolsVersion = 11.3.1;
					};
					D198B968236CA14A0030DED1 = {
						CreatedOnToolsVersion = 11.2;
					};
				};
			};
			buildConfigurationList = D198B964236CA14A0030DED1 /* Build configuration list for PBXProject "Accounting" */;
			compatibilityVersion = "Xcode 9.3";
			developmentRegion = en;
			hasScannedForEncodings = 0;
			knownRegions = (
				en,
				Base,
			);
			mainGroup = D198B960236CA14A0030DED1;
			productRefGroup = D198B96A236CA14A0030DED1 /* Products */;
			projectDirPath = "";
			projectRoot = "";
			targets = (
				D198B968236CA14A0030DED1 /* Accounting */,
				D10713DA23EC9EB800629FD2 /* Accounting WatchApp */,
				D10713E623EC9EBB00629FD2 /* Accounting WatchApp Extension */,
			);
		};
/* End PBXProject section */

/* Begin PBXResourcesBuildPhase section */
		D10713D923EC9EB800629FD2 /* Resources */ = {
			isa = PBXResourcesBuildPhase;
			buildActionMask = 2147483647;
			files = (
				D10713E123EC9EBB00629FD2 /* Assets.xcassets in Resources */,
				D10713DF23EC9EB800629FD2 /* Interface.storyboard in Resources */,
			);
			runOnlyForDeploymentPostprocessing = 0;
		};
		D10713E523EC9EBB00629FD2 /* Resources */ = {
			isa = PBXResourcesBuildPhase;
			buildActionMask = 2147483647;
			files = (
				D10713F623EC9EBC00629FD2 /* Preview Assets.xcassets in Resources */,
				D10713F323EC9EBC00629FD2 /* Assets.xcassets in Resources */,
			);
			runOnlyForDeploymentPostprocessing = 0;
		};
		D198B967236CA14A0030DED1 /* Resources */ = {
			isa = PBXResourcesBuildPhase;
			buildActionMask = 2147483647;
			files = (
			);
			runOnlyForDeploymentPostprocessing = 0;
		};
/* End PBXResourcesBuildPhase section */

/* Begin PBXShellScriptBuildPhase section */
		95B7403C6AE017756D6D7367 /* [CP] Check Pods Manifest.lock */ = {
			isa = PBXShellScriptBuildPhase;
			buildActionMask = 2147483647;
			files = (
			);
			inputFileListPaths = (
			);
			inputPaths = (
				"${PODS_PODFILE_DIR_PATH}/Podfile.lock",
				"${PODS_ROOT}/Manifest.lock",
			);
			name = "[CP] Check Pods Manifest.lock";
			outputFileListPaths = (
			);
			outputPaths = (
				"$(DERIVED_FILE_DIR)/Pods-Accounting-checkManifestLockResult.txt",
			);
			runOnlyForDeploymentPostprocessing = 0;
			shellPath = /bin/sh;
			shellScript = "diff \"${PODS_PODFILE_DIR_PATH}/Podfile.lock\" \"${PODS_ROOT}/Manifest.lock\" > /dev/null\nif [ $? != 0 ] ; then\n    # print error to STDERR\n    echo \"error: The sandbox is not in sync with the Podfile.lock. Run 'pod install' or update your CocoaPods installation.\" >&2\n    exit 1\nfi\n# This output is used by Xcode 'outputs' to avoid re-running this script phase.\necho \"SUCCESS\" > \"${SCRIPT_OUTPUT_FILE_0}\"\n";
			showEnvVarsInLog = 0;
		};
		D52EFD2D04CA297ED9738298 /* [CP] Embed Pods Frameworks */ = {
			isa = PBXShellScriptBuildPhase;
			buildActionMask = 2147483647;
			files = (
			);
			inputFileListPaths = (
				"${PODS_ROOT}/Target Support Files/Pods-Accounting/Pods-Accounting-frameworks-${CONFIGURATION}-input-files.xcfilelist",
			);
			name = "[CP] Embed Pods Frameworks";
			outputFileListPaths = (
				"${PODS_ROOT}/Target Support Files/Pods-Accounting/Pods-Accounting-frameworks-${CONFIGURATION}-output-files.xcfilelist",
			);
			runOnlyForDeploymentPostprocessing = 0;
			shellPath = /bin/sh;
			shellScript = "\"${PODS_ROOT}/Target Support Files/Pods-Accounting/Pods-Accounting-frameworks.sh\"\n";
			showEnvVarsInLog = 0;
		};
/* End PBXShellScriptBuildPhase section */

/* Begin PBXSourcesBuildPhase section */
		D10713E323EC9EBB00629FD2 /* Sources */ = {
			isa = PBXSourcesBuildPhase;
			buildActionMask = 2147483647;
			files = (
				D170519523F07D8100186E40 /* AccountDetails.swift in Sources */,
				D10713EF23EC9EBB00629FD2 /* HostingController.swift in Sources */,
				D10713ED23EC9EBB00629FD2 /* ContentView.swift in Sources */,
				D107140523EC9F3500629FD2 /* AccountsViewWatch.swift in Sources */,
				D10713F123EC9EBB00629FD2 /* ExtensionDelegate.swift in Sources */,
			);
			runOnlyForDeploymentPostprocessing = 0;
		};
		D198B965236CA14A0030DED1 /* Sources */ = {
			isa = PBXSourcesBuildPhase;
			buildActionMask = 2147483647;
			files = (
			);
			runOnlyForDeploymentPostprocessing = 0;
		};
/* End PBXSourcesBuildPhase section */

/* Begin PBXTargetDependency section */
		D10713EA23EC9EBB00629FD2 /* PBXTargetDependency */ = {
			isa = PBXTargetDependency;
			target = D10713E623EC9EBB00629FD2 /* Accounting WatchApp Extension */;
			targetProxy = D10713E923EC9EBB00629FD2 /* PBXContainerItemProxy */;
		};
		D10713F923EC9EBC00629FD2 /* PBXTargetDependency */ = {
			isa = PBXTargetDependency;
			target = D10713DA23EC9EB800629FD2 /* Accounting WatchApp */;
			targetProxy = D10713F823EC9EBC00629FD2 /* PBXContainerItemProxy */;
		};
/* End PBXTargetDependency section */

/* Begin PBXVariantGroup section */
		D10713DD23EC9EB800629FD2 /* Interface.storyboard */ = {
			isa = PBXVariantGroup;
			children = (
				D10713DE23EC9EB800629FD2 /* Base */,
			);
			name = Interface.storyboard;
			sourceTree = "<group>";
		};
/* End PBXVariantGroup section */

/* Begin XCBuildConfiguration section */
		D10713FC23EC9EBC00629FD2 /* Debug */ = {
			isa = XCBuildConfiguration;
			buildSettings = {
				ASSETCATALOG_COMPILER_COMPLICATION_NAME = Complication;
				CODE_SIGN_STYLE = Automatic;
				CURRENT_PROJECT_VERSION = 1.0;
				DEVELOPMENT_ASSET_PATHS = "\"Accounting WatchApp Extension/Preview Content\"";
				DEVELOPMENT_TEAM = T4FMYB4338;
				ENABLE_PREVIEWS = YES;
				INFOPLIST_FILE = "Accounting WatchApp Extension/Info.plist";
				LD_RUNPATH_SEARCH_PATHS = (
					"$(inherited)",
					"@executable_path/Frameworks",
					"@executable_path/../../Frameworks",
				);
				PRODUCT_BUNDLE_IDENTIFIER = ipetrovbg.com.Accounting.watchkitapp.watchkitextension;
				PRODUCT_NAME = "${TARGET_NAME}";
				SDKROOT = watchos;
				SKIP_INSTALL = YES;
				SWIFT_VERSION = 5.0;
				TARGETED_DEVICE_FAMILY = 4;
				WATCHOS_DEPLOYMENT_TARGET = 6.1;
			};
			name = Debug;
		};
		D10713FD23EC9EBC00629FD2 /* Release */ = {
			isa = XCBuildConfiguration;
			buildSettings = {
				ASSETCATALOG_COMPILER_COMPLICATION_NAME = Complication;
				CODE_SIGN_ENTITLEMENTS = "Accounting WatchApp Extension/Accounting WatchApp ExtensionRelease.entitlements";
				CODE_SIGN_STYLE = Automatic;
				CURRENT_PROJECT_VERSION = 1.0;
				DEVELOPMENT_ASSET_PATHS = "\"Accounting WatchApp Extension/Preview Content\"";
				DEVELOPMENT_TEAM = T4FMYB4338;
				ENABLE_PREVIEWS = YES;
				INFOPLIST_FILE = "Accounting WatchApp Extension/Info.plist";
				LD_RUNPATH_SEARCH_PATHS = (
					"$(inherited)",
					"@executable_path/Frameworks",
					"@executable_path/../../Frameworks",
				);
				PRODUCT_BUNDLE_IDENTIFIER = ipetrovbg.com.Accounting.watchkitapp.watchkitextension;
				PRODUCT_NAME = "${TARGET_NAME}";
				SDKROOT = watchos;
				SKIP_INSTALL = YES;
				SWIFT_VERSION = 5.0;
				TARGETED_DEVICE_FAMILY = 4;
				WATCHOS_DEPLOYMENT_TARGET = 6.1;
			};
			name = Release;
		};
		D107140023EC9EBC00629FD2 /* Debug */ = {
			isa = XCBuildConfiguration;
			buildSettings = {
				ALWAYS_EMBED_SWIFT_STANDARD_LIBRARIES = YES;
				ASSETCATALOG_COMPILER_APPICON_NAME = AppIcon;
				CODE_SIGN_IDENTITY = "Apple Development";
				CODE_SIGN_STYLE = Automatic;
				CURRENT_PROJECT_VERSION = 1.0;
				DEVELOPMENT_TEAM = T4FMYB4338;
				IBSC_MODULE = Accounting_WatchApp_Extension;
				INFOPLIST_FILE = "Accounting WatchApp/Info.plist";
				LD_RUNPATH_SEARCH_PATHS = (
					"$(inherited)",
					"@executable_path/Frameworks",
				);
				PRODUCT_BUNDLE_IDENTIFIER = ipetrovbg.com.Accounting.watchkitapp;
				PRODUCT_NAME = "$(TARGET_NAME)";
				SDKROOT = watchos;
				SKIP_INSTALL = YES;
				SWIFT_VERSION = 5.0;
				TARGETED_DEVICE_FAMILY = 4;
				WATCHOS_DEPLOYMENT_TARGET = 6.1;
			};
			name = Debug;
		};
		D107140123EC9EBC00629FD2 /* Release */ = {
			isa = XCBuildConfiguration;
			buildSettings = {
				ALWAYS_EMBED_SWIFT_STANDARD_LIBRARIES = YES;
				ASSETCATALOG_COMPILER_APPICON_NAME = AppIcon;
				CODE_SIGN_ENTITLEMENTS = "Accounting WatchApp/Accounting WatchAppRelease.entitlements";
				CODE_SIGN_IDENTITY = "Apple Development";
				CODE_SIGN_STYLE = Automatic;
				CURRENT_PROJECT_VERSION = 1.0;
				DEVELOPMENT_TEAM = T4FMYB4338;
				IBSC_MODULE = Accounting_WatchApp_Extension;
				INFOPLIST_FILE = "Accounting WatchApp/Info.plist";
				LD_RUNPATH_SEARCH_PATHS = (
					"$(inherited)",
					"@executable_path/Frameworks",
				);
				PRODUCT_BUNDLE_IDENTIFIER = ipetrovbg.com.Accounting.watchkitapp;
				PRODUCT_NAME = "$(TARGET_NAME)";
				SDKROOT = watchos;
				SKIP_INSTALL = YES;
				SWIFT_VERSION = 5.0;
				TARGETED_DEVICE_FAMILY = 4;
				WATCHOS_DEPLOYMENT_TARGET = 6.1;
			};
			name = Release;
		};
		D198B97E236CA14D0030DED1 /* Debug */ = {
			isa = XCBuildConfiguration;
			buildSettings = {
				ALWAYS_SEARCH_USER_PATHS = NO;
				CLANG_ANALYZER_NONNULL = YES;
				CLANG_ANALYZER_NUMBER_OBJECT_CONVERSION = YES_AGGRESSIVE;
				CLANG_CXX_LANGUAGE_STANDARD = "gnu++14";
				CLANG_CXX_LIBRARY = "libc++";
				CLANG_ENABLE_MODULES = YES;
				CLANG_ENABLE_OBJC_ARC = YES;
				CLANG_ENABLE_OBJC_WEAK = YES;
				CLANG_WARN_BLOCK_CAPTURE_AUTORELEASING = YES;
				CLANG_WARN_BOOL_CONVERSION = YES;
				CLANG_WARN_COMMA = YES;
				CLANG_WARN_CONSTANT_CONVERSION = YES;
				CLANG_WARN_DEPRECATED_OBJC_IMPLEMENTATIONS = YES;
				CLANG_WARN_DIRECT_OBJC_ISA_USAGE = YES_ERROR;
				CLANG_WARN_DOCUMENTATION_COMMENTS = YES;
				CLANG_WARN_EMPTY_BODY = YES;
				CLANG_WARN_ENUM_CONVERSION = YES;
				CLANG_WARN_INFINITE_RECURSION = YES;
				CLANG_WARN_INT_CONVERSION = YES;
				CLANG_WARN_NON_LITERAL_NULL_CONVERSION = YES;
				CLANG_WARN_OBJC_IMPLICIT_RETAIN_SELF = YES;
				CLANG_WARN_OBJC_LITERAL_CONVERSION = YES;
				CLANG_WARN_OBJC_ROOT_CLASS = YES_ERROR;
				CLANG_WARN_RANGE_LOOP_ANALYSIS = YES;
				CLANG_WARN_STRICT_PROTOTYPES = YES;
				CLANG_WARN_SUSPICIOUS_MOVE = YES;
				CLANG_WARN_UNGUARDED_AVAILABILITY = YES_AGGRESSIVE;
				CLANG_WARN_UNREACHABLE_CODE = YES;
				CLANG_WARN__DUPLICATE_METHOD_MATCH = YES;
				COPY_PHASE_STRIP = NO;
				DEBUG_INFORMATION_FORMAT = dwarf;
				ENABLE_STRICT_OBJC_MSGSEND = YES;
				ENABLE_TESTABILITY = YES;
				GCC_C_LANGUAGE_STANDARD = gnu11;
				GCC_DYNAMIC_NO_PIC = NO;
				GCC_NO_COMMON_BLOCKS = YES;
				GCC_OPTIMIZATION_LEVEL = 0;
				GCC_PREPROCESSOR_DEFINITIONS = (
					"DEBUG=1",
					"$(inherited)",
				);
				GCC_WARN_64_TO_32_BIT_CONVERSION = YES;
				GCC_WARN_ABOUT_RETURN_TYPE = YES_ERROR;
				GCC_WARN_UNDECLARED_SELECTOR = YES;
				GCC_WARN_UNINITIALIZED_AUTOS = YES_AGGRESSIVE;
				GCC_WARN_UNUSED_FUNCTION = YES;
				GCC_WARN_UNUSED_VARIABLE = YES;
				IPHONEOS_DEPLOYMENT_TARGET = 13.2;
				MTL_ENABLE_DEBUG_INFO = INCLUDE_SOURCE;
				MTL_FAST_MATH = YES;
				ONLY_ACTIVE_ARCH = YES;
				SDKROOT = iphoneos;
				SWIFT_ACTIVE_COMPILATION_CONDITIONS = DEBUG;
				SWIFT_OPTIMIZATION_LEVEL = "-Onone";
			};
			name = Debug;
		};
		D198B97F236CA14D0030DED1 /* Release */ = {
			isa = XCBuildConfiguration;
			buildSettings = {
				ALWAYS_SEARCH_USER_PATHS = NO;
				CLANG_ANALYZER_NONNULL = YES;
				CLANG_ANALYZER_NUMBER_OBJECT_CONVERSION = YES_AGGRESSIVE;
				CLANG_CXX_LANGUAGE_STANDARD = "gnu++14";
				CLANG_CXX_LIBRARY = "libc++";
				CLANG_ENABLE_MODULES = YES;
				CLANG_ENABLE_OBJC_ARC = YES;
				CLANG_ENABLE_OBJC_WEAK = YES;
				CLANG_WARN_BLOCK_CAPTURE_AUTORELEASING = YES;
				CLANG_WARN_BOOL_CONVERSION = YES;
				CLANG_WARN_COMMA = YES;
				CLANG_WARN_CONSTANT_CONVERSION = YES;
				CLANG_WARN_DEPRECATED_OBJC_IMPLEMENTATIONS = YES;
				CLANG_WARN_DIRECT_OBJC_ISA_USAGE = YES_ERROR;
				CLANG_WARN_DOCUMENTATION_COMMENTS = YES;
				CLANG_WARN_EMPTY_BODY = YES;
				CLANG_WARN_ENUM_CONVERSION = YES;
				CLANG_WARN_INFINITE_RECURSION = YES;
				CLANG_WARN_INT_CONVERSION = YES;
				CLANG_WARN_NON_LITERAL_NULL_CONVERSION = YES;
				CLANG_WARN_OBJC_IMPLICIT_RETAIN_SELF = YES;
				CLANG_WARN_OBJC_LITERAL_CONVERSION = YES;
				CLANG_WARN_OBJC_ROOT_CLASS = YES_ERROR;
				CLANG_WARN_RANGE_LOOP_ANALYSIS = YES;
				CLANG_WARN_STRICT_PROTOTYPES = YES;
				CLANG_WARN_SUSPICIOUS_MOVE = YES;
				CLANG_WARN_UNGUARDED_AVAILABILITY = YES_AGGRESSIVE;
				CLANG_WARN_UNREACHABLE_CODE = YES;
				CLANG_WARN__DUPLICATE_METHOD_MATCH = YES;
				COPY_PHASE_STRIP = NO;
				DEBUG_INFORMATION_FORMAT = "dwarf-with-dsym";
				ENABLE_NS_ASSERTIONS = NO;
				ENABLE_STRICT_OBJC_MSGSEND = YES;
				GCC_C_LANGUAGE_STANDARD = gnu11;
				GCC_NO_COMMON_BLOCKS = YES;
				GCC_WARN_64_TO_32_BIT_CONVERSION = YES;
				GCC_WARN_ABOUT_RETURN_TYPE = YES_ERROR;
				GCC_WARN_UNDECLARED_SELECTOR = YES;
				GCC_WARN_UNINITIALIZED_AUTOS = YES_AGGRESSIVE;
				GCC_WARN_UNUSED_FUNCTION = YES;
				GCC_WARN_UNUSED_VARIABLE = YES;
				IPHONEOS_DEPLOYMENT_TARGET = 13.2;
				MTL_ENABLE_DEBUG_INFO = NO;
				MTL_FAST_MATH = YES;
				SDKROOT = iphoneos;
				SWIFT_COMPILATION_MODE = wholemodule;
				SWIFT_OPTIMIZATION_LEVEL = "-O";
				VALIDATE_PRODUCT = YES;
			};
			name = Release;
		};
		D198B981236CA14D0030DED1 /* Debug */ = {
			isa = XCBuildConfiguration;
			buildSettings = {
				ASSETCATALOG_COMPILER_APPICON_NAME = AppIcon;
				CODE_SIGN_IDENTITY = "Apple Development";
				CODE_SIGN_INJECT_BASE_ENTITLEMENTS = YES;
				CODE_SIGN_STYLE = Automatic;
				CURRENT_PROJECT_VERSION = 1.0;
				DEVELOPMENT_ASSET_PATHS = "\"Accounting/Preview Content\"";
				DEVELOPMENT_TEAM = T4FMYB4338;
				ENABLE_PREVIEWS = YES;
				INFOPLIST_FILE = Accounting/Info.plist;
				IPHONEOS_DEPLOYMENT_TARGET = 13.2;
				LD_RUNPATH_SEARCH_PATHS = (
					"$(inherited)",
					"@executable_path/Frameworks",
				);
				PRODUCT_BUNDLE_IDENTIFIER = ipetrovbg.com.Accounting;
				PRODUCT_NAME = "$(TARGET_NAME)";
				PROVISIONING_PROFILE_SPECIFIER = "";
				SWIFT_VERSION = 5.0;
				TARGETED_DEVICE_FAMILY = 1;
			};
			name = Debug;
		};
		D198B982236CA14D0030DED1 /* Release */ = {
			isa = XCBuildConfiguration;
			buildSettings = {
				ASSETCATALOG_COMPILER_APPICON_NAME = AppIcon;
				CODE_SIGN_ENTITLEMENTS = Accounting/AccountingRelease.entitlements;
				CODE_SIGN_IDENTITY = "Apple Development";
				CODE_SIGN_INJECT_BASE_ENTITLEMENTS = YES;
				CODE_SIGN_STYLE = Automatic;
				CURRENT_PROJECT_VERSION = 1.0;
				DEVELOPMENT_ASSET_PATHS = "\"Accounting/Preview Content\"";
				DEVELOPMENT_TEAM = T4FMYB4338;
				ENABLE_PREVIEWS = YES;
				INFOPLIST_FILE = Accounting/Info.plist;
				IPHONEOS_DEPLOYMENT_TARGET = 13.2;
				LD_RUNPATH_SEARCH_PATHS = (
					"$(inherited)",
					"@executable_path/Frameworks",
				);
				PRODUCT_BUNDLE_IDENTIFIER = ipetrovbg.com.Accounting;
				PRODUCT_NAME = "$(TARGET_NAME)";
				PROVISIONING_PROFILE_SPECIFIER = "";
				SWIFT_VERSION = 5.0;
				TARGETED_DEVICE_FAMILY = 1;
			};
			name = Release;
		};
/* End XCBuildConfiguration section */

/* Begin XCConfigurationList section */
		D10713FB23EC9EBC00629FD2 /* Build configuration list for PBXNativeTarget "Accounting WatchApp Extension" */ = {
			isa = XCConfigurationList;
			buildConfigurations = (
				D10713FC23EC9EBC00629FD2 /* Debug */,
				D10713FD23EC9EBC00629FD2 /* Release */,
			);
			defaultConfigurationIsVisible = 0;
			defaultConfigurationName = Release;
		};
		D10713FF23EC9EBC00629FD2 /* Build configuration list for PBXNativeTarget "Accounting WatchApp" */ = {
			isa = XCConfigurationList;
			buildConfigurations = (
				D107140023EC9EBC00629FD2 /* Debug */,
				D107140123EC9EBC00629FD2 /* Release */,
			);
			defaultConfigurationIsVisible = 0;
			defaultConfigurationName = Release;
		};
		D198B964236CA14A0030DED1 /* Build configuration list for PBXProject "Accounting" */ = {
			isa = XCConfigurationList;
			buildConfigurations = (
				D198B97E236CA14D0030DED1 /* Debug */,
				D198B97F236CA14D0030DED1 /* Release */,
			);
			defaultConfigurationIsVisible = 0;
			defaultConfigurationName = Release;
		};
		D198B980236CA14D0030DED1 /* Build configuration list for PBXNativeTarget "Accounting" */ = {
			isa = XCConfigurationList;
			buildConfigurations = (
				D198B981236CA14D0030DED1 /* Debug */,
				D198B982236CA14D0030DED1 /* Release */,
			);
			defaultConfigurationIsVisible = 0;
			defaultConfigurationName = Release;
		};
/* End XCConfigurationList section */
	};
	rootObject = D198B961236CA14A0030DED1 /* Project object */;
}
